
Microsoft Visual Studio Solution File, Format Version 12.00
# Visual Studio Version 17
VisualStudioVersion = 17.13.35931.197 d17.13
MinimumVisualStudioVersion = 10.0.40219.1
Project("{FAE04EC0-301F-11D3-BF4B-00C04F79EFBC}") = "ECommerceOrderAPI.UI", "ECommerceOrderAPI.UI\ECommerceOrderAPI.UI.csproj", "{0FFF2CAC-5DBC-498F-96F0-5ED2403256A3}"
EndProject
Project("{FAE04EC0-301F-11D3-BF4B-00C04F79EFBC}") = "ECommerceOrderAPI.Domain", "ECommerceOrderAPI.Domain\ECommerceOrderAPI.Domain.csproj", "{4003E7F0-DFC3-44F9-A131-90CE9D4C4C4B}"
EndProject
Project("{FAE04EC0-301F-11D3-BF4B-00C04F79EFBC}") = "ECommerceOrderAPI.Application", "ECommerceOrderAPI.Application\ECommerceOrderAPI.Application.csproj", "{6E2D58ED-3DBF-449B-8EF1-25BBB3D79E63}"
EndProject
Project("{FAE04EC0-301F-11D3-BF4B-00C04F79EFBC}") = "ECommerceOrderAPI.Infrastructure", "ECommerceOrderAPI.Infrastructure\ECommerceOrderAPI.Infrastructure.csproj", "{7E28EFED-ECCC-48CA-8F33-4CBA6DDF607A}"
EndProject
Global
	GlobalSection(SolutionConfigurationPlatforms) = preSolution
		Debug|Any CPU = Debug|Any CPU
		Release|Any CPU = Release|Any CPU
	EndGlobalSection
	GlobalSection(ProjectConfigurationPlatforms) = postSolution
		{0FFF2CAC-5DBC-498F-96F0-5ED2403256A3}.Debug|Any CPU.ActiveCfg = Debug|Any CPU
		{0FFF2CAC-5DBC-498F-96F0-5ED2403256A3}.Debug|Any CPU.Build.0 = Debug|Any CPU
		{0FFF2CAC-5DBC-498F-96F0-5ED2403256A3}.Release|Any CPU.ActiveCfg = Release|Any CPU
		{0FFF2CAC-5DBC-498F-96F0-5ED2403256A3}.Release|Any CPU.Build.0 = Release|Any CPU
		{4003E7F0-DFC3-44F9-A131-90CE9D4C4C4B}.Debug|Any CPU.ActiveCfg = Debug|Any CPU
		{4003E7F0-DFC3-44F9-A131-90CE9D4C4C4B}.Debug|Any CPU.Build.0 = Debug|Any CPU
		{4003E7F0-DFC3-44F9-A131-90CE9D4C4C4B}.Release|Any CPU.ActiveCfg = Release|Any CPU
		{4003E7F0-DFC3-44F9-A131-90CE9D4C4C4B}.Release|Any CPU.Build.0 = Release|Any CPU
		{6E2D58ED-3DBF-449B-8EF1-25BBB3D79E63}.Debug|Any CPU.ActiveCfg = Debug|Any CPU
		{6E2D58ED-3DBF-449B-8EF1-25BBB3D79E63}.Debug|Any CPU.Build.0 = Debug|Any CPU
		{6E2D58ED-3DBF-449B-8EF1-25BBB3D79E63}.Release|Any CPU.ActiveCfg = Release|Any CPU
		{6E2D58ED-3DBF-449B-8EF1-25BBB3D79E63}.Release|Any CPU.Build.0 = Release|Any CPU
		{7E28EFED-ECCC-48CA-8F33-4CBA6DDF607A}.Debug|Any CPU.ActiveCfg = Debug|Any CPU
		{7E28EFED-ECCC-48CA-8F33-4CBA6DDF607A}.Debug|Any CPU.Build.0 = Debug|Any CPU
		{7E28EFED-ECCC-48CA-8F33-4CBA6DDF607A}.Release|Any CPU.ActiveCfg = Release|Any CPU
		{7E28EFED-ECCC-48CA-8F33-4CBA6DDF607A}.Release|Any CPU.Build.0 = Release|Any CPU
	EndGlobalSection
	GlobalSection(SolutionProperties) = preSolution
		HideSolutionNode = FALSE
	EndGlobalSection
	GlobalSection(ExtensibilityGlobals) = postSolution
		SolutionGuid = {3AFA47B7-290C-4066-9E8C-C7208C872B66}
	EndGlobalSection
EndGlobal
